
Microsoft Visual Studio Solution File, Format Version 12.00
# Visual Studio 15
VisualStudioVersion = 15.0.27428.2043
MinimumVisualStudioVersion = 10.0.40219.1
Project("{FAE04EC0-301F-11D3-BF4B-00C04F79EFBC}") = "UrbanInvoicing", "UrbanInvoicing\UrbanInvoicing.csproj", "{5BC432A3-8898-44DE-A984-72B365303A0B}"
EndProject
Global
	GlobalSection(SolutionConfigurationPlatforms) = preSolution
		Debug|Any CPU = Debug|Any CPU
		Release|Any CPU = Release|Any CPU
	EndGlobalSection
	GlobalSection(ProjectConfigurationPlatforms) = postSolution
		{5BC432A3-8898-44DE-A984-72B365303A0B}.Debug|Any CPU.ActiveCfg = Debug|Any CPU
		{5BC432A3-8898-44DE-A984-72B365303A0B}.Debug|Any CPU.Build.0 = Debug|Any CPU
		{5BC432A3-8898-44DE-A984-72B365303A0B}.Release|Any CPU.ActiveCfg = Release|Any CPU
		{5BC432A3-8898-44DE-A984-72B365303A0B}.Release|Any CPU.Build.0 = Release|Any CPU
	EndGlobalSection
	GlobalSection(SolutionProperties) = preSolution
		HideSolutionNode = FALSE
	EndGlobalSection
	GlobalSection(ExtensibilityGlobals) = postSolution
		SolutionGuid = {BD5EE97D-E822-4050-BF5C-D66762FDCF00}
	EndGlobalSection
EndGlobal
